using System;
using System.Collections.Generic;
using System.Linq;
using System.Text;
using System.Threading.Tasks;

namespace test2
{
    internal class Program
    {
        static void Main(string[] args)
        {
            int money = 100;    //баланс кошелька

            bool canBuy;        //платежеспособность   

            //переменные стоимости товаров
            int swordUnitPrice = 10;
            int daggerUnitPrice = 8;
            int bladeUnitPrice = 30;
            int katanaUnitPrice = 15;

            //вывод ассортимента магазина                                 
            Console.WriteLine("List of products: ");
            Console.WriteLine($"Sword — {swordUnitPrice}$");
            Console.WriteLine($"Blade — {bladeUnitPrice}$");
            Console.WriteLine($"Dagger — {daggerUnitPrice}$");
            Console.WriteLine($"Katana — {katanaUnitPrice}$");

            //вывод предложения купить что-то
            Console.WriteLine($"What do you want to buy? Balance: {money}$");
            Console.WriteLine("Enter price ");

            int offer = Convert.ToInt32(Console.ReadLine());

        metka1:

            if (offer > 0)
            {
                canBuy = money - offer >= 0;
                if (canBuy)
                {
                    money -= offer;

                    string item;
                    switch (offer)
                    {
                        case 10: item = "Sword";  break;
                        case 8: item = "Dagger"; break;
                        case 30: item = "Blade"; break;
                        case 15: item = "Katana"; break;
                        default: item = "Unexpected item. You robbed me!"; break;
                    };

                    Console.WriteLine($"You purchased {item}. Balance {money}$");
                }
                else Console.WriteLine($"Not enough money. Balance {money}$");

                Console.WriteLine($"Print EXIT if you wanna go out or price for contune...");

                string pt = Console.ReadLine().ToLower();
                if (pt != "exit")
                {
                    Console.WriteLine($"Contune...");
                    offer = Convert.ToInt32(pt);
                    goto metka1;
                }
                else return;
            }
            else return;
        }
    }
}

